
Microsoft Visual Studio Solution File, Format Version 12.00
# Visual Studio Version 16
VisualStudioVersion = 16.0.31205.134
MinimumVisualStudioVersion = 10.0.40219.1
Project("{FAE04EC0-301F-11D3-BF4B-00C04F79EFBC}") = "DotNetCore-GenericHttpHandler", "DotNetCore-GenericHttpHandler\DotNetCore-GenericHttpHandler.csproj", "{B00CAAA3-984A-4D77-917C-79C629E3AE99}"
EndProject
Project("{FAE04EC0-301F-11D3-BF4B-00C04F79EFBC}") = "GenericHttpHandler", "GenericHttpHandler\GenericHttpHandler.csproj", "{A916D20E-988C-4D59-BB99-A79FA942655E}"
EndProject
Global
	GlobalSection(SolutionConfigurationPlatforms) = preSolution
		Debug|Any CPU = Debug|Any CPU
		Release|Any CPU = Release|Any CPU
	EndGlobalSection
	GlobalSection(ProjectConfigurationPlatforms) = postSolution
		{B00CAAA3-984A-4D77-917C-79C629E3AE99}.Debug|Any CPU.ActiveCfg = Debug|Any CPU
		{B00CAAA3-984A-4D77-917C-79C629E3AE99}.Debug|Any CPU.Build.0 = Debug|Any CPU
		{B00CAAA3-984A-4D77-917C-79C629E3AE99}.Release|Any CPU.ActiveCfg = Release|Any CPU
		{B00CAAA3-984A-4D77-917C-79C629E3AE99}.Release|Any CPU.Build.0 = Release|Any CPU
		{A916D20E-988C-4D59-BB99-A79FA942655E}.Debug|Any CPU.ActiveCfg = Debug|Any CPU
		{A916D20E-988C-4D59-BB99-A79FA942655E}.Debug|Any CPU.Build.0 = Debug|Any CPU
		{A916D20E-988C-4D59-BB99-A79FA942655E}.Release|Any CPU.ActiveCfg = Release|Any CPU
		{A916D20E-988C-4D59-BB99-A79FA942655E}.Release|Any CPU.Build.0 = Release|Any CPU
	EndGlobalSection
	GlobalSection(SolutionProperties) = preSolution
		HideSolutionNode = FALSE
	EndGlobalSection
	GlobalSection(ExtensibilityGlobals) = postSolution
		SolutionGuid = {C4807B00-A993-4885-8CEC-1C8C04A96C93}
	EndGlobalSection
EndGlobal
